
Microsoft Visual Studio Solution File, Format Version 12.00
# Visual Studio 15
VisualStudioVersion = 15.0.28307.329
MinimumVisualStudioVersion = 10.0.40219.1
Project("{FAE04EC0-301F-11D3-BF4B-00C04F79EFBC}") = "MyFristWebApplication", "MyFristWebApplication\MyFristWebApplication.csproj", "{1B112E5E-C92D-4A20-9086-C40EFE2D4EF4}"
EndProject
Global
	GlobalSection(SolutionConfigurationPlatforms) = preSolution
		Debug|Any CPU = Debug|Any CPU
		Release|Any CPU = Release|Any CPU
	EndGlobalSection
	GlobalSection(ProjectConfigurationPlatforms) = postSolution
		{1B112E5E-C92D-4A20-9086-C40EFE2D4EF4}.Debug|Any CPU.ActiveCfg = Debug|Any CPU
		{1B112E5E-C92D-4A20-9086-C40EFE2D4EF4}.Debug|Any CPU.Build.0 = Debug|Any CPU
		{1B112E5E-C92D-4A20-9086-C40EFE2D4EF4}.Release|Any CPU.ActiveCfg = Release|Any CPU
		{1B112E5E-C92D-4A20-9086-C40EFE2D4EF4}.Release|Any CPU.Build.0 = Release|Any CPU
	EndGlobalSection
	GlobalSection(SolutionProperties) = preSolution
		HideSolutionNode = FALSE
	EndGlobalSection
	GlobalSection(ExtensibilityGlobals) = postSolution
		SolutionGuid = {35C26B26-6826-47F4-AD6E-186452153101}
	EndGlobalSection
EndGlobal
